
Microsoft Visual Studio Solution File, Format Version 12.00
# Visual Studio 15
VisualStudioVersion = 15.0.28307.438
MinimumVisualStudioVersion = 10.0.40219.1
Project("{FAE04EC0-301F-11D3-BF4B-00C04F79EFBC}") = "AgileHub.IntroToAzureDemo", "AgileHub.IntroToAzureDemo\AgileHub.IntroToAzureDemo.csproj", "{55418D23-A7ED-4A0F-9E63-5F3372F8EA0E}"
EndProject
Project("{151D2E53-A2C4-4D7D-83FE-D05416EBD58E}") = "AgileHub.AzureResources", "AgileHub.AzureResources\AgileHub.AzureResources.deployproj", "{D6079AEE-AC34-4D36-BF3A-679E8EF5ECDF}"
EndProject
Global
	GlobalSection(SolutionConfigurationPlatforms) = preSolution
		Debug|Any CPU = Debug|Any CPU
		Release|Any CPU = Release|Any CPU
	EndGlobalSection
	GlobalSection(ProjectConfigurationPlatforms) = postSolution
		{55418D23-A7ED-4A0F-9E63-5F3372F8EA0E}.Debug|Any CPU.ActiveCfg = Debug|Any CPU
		{55418D23-A7ED-4A0F-9E63-5F3372F8EA0E}.Debug|Any CPU.Build.0 = Debug|Any CPU
		{55418D23-A7ED-4A0F-9E63-5F3372F8EA0E}.Release|Any CPU.ActiveCfg = Release|Any CPU
		{55418D23-A7ED-4A0F-9E63-5F3372F8EA0E}.Release|Any CPU.Build.0 = Release|Any CPU
		{D6079AEE-AC34-4D36-BF3A-679E8EF5ECDF}.Debug|Any CPU.ActiveCfg = Debug|Any CPU
		{D6079AEE-AC34-4D36-BF3A-679E8EF5ECDF}.Debug|Any CPU.Build.0 = Debug|Any CPU
		{D6079AEE-AC34-4D36-BF3A-679E8EF5ECDF}.Release|Any CPU.ActiveCfg = Release|Any CPU
		{D6079AEE-AC34-4D36-BF3A-679E8EF5ECDF}.Release|Any CPU.Build.0 = Release|Any CPU
	EndGlobalSection
	GlobalSection(SolutionProperties) = preSolution
		HideSolutionNode = FALSE
	EndGlobalSection
	GlobalSection(ExtensibilityGlobals) = postSolution
		SolutionGuid = {EAAA4EE7-8D27-4963-AA53-4E4BA6B3BF3E}
	EndGlobalSection
EndGlobal
